<?xml version="1.0" encoding="utf-8"?>
<Project ToolsVersion="4.0" xmlns="http://schemas.microsoft.com/developer/msbuild/2003">
  <ItemGroup>
    <Filter Include="utils">
      <UniqueIdentifier>{50d8d07d-a617-45c6-b0ca-651d6ccda2b4}</UniqueIdentifier>
    </Filter>
    <Filter Include="imgserversrc">
      <UniqueIdentifier>{1dc8cd04-7152-4b83-8c70-f088c0b78326}</UniqueIdentifier>
    </Filter>
  </ItemGroup>
  <ItemGroup>
    <ClCompile Include="..\utils\DaemonRun.cpp">
      <Filter>utils</Filter>
    </ClCompile>
    <ClCompile Include="..\utils\MD5.cpp">
      <Filter>utils</Filter>
    </ClCompile>
    <ClCompile Include="..\utils\StringUtil.cpp">
      <Filter>utils</Filter>
    </ClCompile>
    <ClCompile Include="..\utils\URLEncodeUtil.cpp">
      <Filter>utils</Filter>
    </ClCompile>
    <ClCompile Include="..\imgserversrc\main.cpp">
      <Filter>imgserversrc</Filter>
    </ClCompile>
    <ClCompile Include="..\fileserversrc\FileManager.cpp">
      <Filter>imgserversrc</Filter>
    </ClCompile>
    <ClCompile Include="..\fileserversrc\FileServer.cpp">
      <Filter>imgserversrc</Filter>
    </ClCompile>
    <ClCompile Include="..\fileserversrc\FileSession.cpp">
      <Filter>imgserversrc</Filter>
    </ClCompile>
    <ClCompile Include="..\fileserversrc\TcpSession.cpp">
      <Filter>imgserversrc</Filter>
    </ClCompile>
    <ClCompile Include="..\utils\UUIDGenerator.cpp">
      <Filter>utils</Filter>
    </ClCompile>
  </ItemGroup>
  <ItemGroup>
    <ClInclude Include="..\utils\DaemonRun.h">
      <Filter>utils</Filter>
    </ClInclude>
    <ClInclude Include="..\utils\MD5.h">
      <Filter>utils</Filter>
    </ClInclude>
    <ClInclude Include="..\utils\StringUtil.h">
      <Filter>utils</Filter>
    </ClInclude>
    <ClInclude Include="..\utils\URLEncodeUtil.h">
      <Filter>utils</Filter>
    </ClInclude>
    <ClInclude Include="..\fileserversrc\FileManager.h">
      <Filter>imgserversrc</Filter>
    </ClInclude>
    <ClInclude Include="..\fileserversrc\FileMsg.h">
      <Filter>imgserversrc</Filter>
    </ClInclude>
    <ClInclude Include="..\fileserversrc\FileServer.h">
      <Filter>imgserversrc</Filter>
    </ClInclude>
    <ClInclude Include="..\fileserversrc\FileSession.h">
      <Filter>imgserversrc</Filter>
    </ClInclude>
    <ClInclude Include="..\fileserversrc\TcpSession.h">
      <Filter>imgserversrc</Filter>
    </ClInclude>
    <ClInclude Include="..\utils\UUIDGenerator.h">
      <Filter>utils</Filter>
    </ClInclude>
  </ItemGroup>
</Project>